// !$*UTF8*$!
{
	archiveVersion = 1;
	classes = {
	};
	objectVersion = 77;
	objects = {

/* Begin PBXBuildFile section */
		EC0B8E702D4248280099BC1C /* Auth in Frameworks */ = {isa = PBXBuildFile; productRef = EC0B8E6F2D4248280099BC1C /* Auth */; };
		EC0B8E722D4248280099BC1C /* Functions in Frameworks */ = {isa = PBXBuildFile; productRef = EC0B8E712D4248280099BC1C /* Functions */; };
		EC0B8E742D4248280099BC1C /* PostgREST in Frameworks */ = {isa = PBXBuildFile; productRef = EC0B8E732D4248280099BC1C /* PostgREST */; };
		EC0B8E762D4248280099BC1C /* Realtime in Frameworks */ = {isa = PBXBuildFile; productRef = EC0B8E752D4248280099BC1C /* Realtime */; };
		EC0B8E782D4248280099BC1C /* Storage in Frameworks */ = {isa = PBXBuildFile; productRef = EC0B8E772D4248280099BC1C /* Storage */; };
		EC0B8E7A2D4248280099BC1C /* Supabase in Frameworks */ = {isa = PBXBuildFile; productRef = EC0B8E792D4248280099BC1C /* Supabase */; };
		EC37E5A72D4E24CE006967F1 /* GoogleService-Info.plist in Resources */ = {isa = PBXBuildFile; fileRef = EC37E5A62D4E24CE006967F1 /* GoogleService-Info.plist */; };
		EC37E5AA2D4E2517006967F1 /* GoogleSignIn in Frameworks */ = {isa = PBXBuildFile; productRef = EC37E5A92D4E2517006967F1 /* GoogleSignIn */; };
		EC37E5AC2D4E2517006967F1 /* GoogleSignInSwift in Frameworks */ = {isa = PBXBuildFile; productRef = EC37E5AB2D4E2517006967F1 /* GoogleSignInSwift */; };
		EC39FAE82D425BF90099A7BC /* Lottie in Frameworks */ = {isa = PBXBuildFile; productRef = EC39FAE72D425BF90099A7BC /* Lottie */; };
		EC47D2CE2D48E5FE00EF0846 /* FirebaseAnalytics in Frameworks */ = {isa = PBXBuildFile; productRef = EC47D2CD2D48E5FE00EF0846 /* FirebaseAnalytics */; };
		EC47D2D02D48E5FE00EF0846 /* FirebaseAnalyticsOnDeviceConversion in Frameworks */ = {isa = PBXBuildFile; productRef = EC47D2CF2D48E5FE00EF0846 /* FirebaseAnalyticsOnDeviceConversion */; };
		EC47D2D22D48E5FE00EF0846 /* FirebaseAnalyticsWithoutAdIdSupport in Frameworks */ = {isa = PBXBuildFile; productRef = EC47D2D12D48E5FE00EF0846 /* FirebaseAnalyticsWithoutAdIdSupport */; };
		EC47D2D42D48E5FE00EF0846 /* FirebaseAppCheck in Frameworks */ = {isa = PBXBuildFile; productRef = EC47D2D32D48E5FE00EF0846 /* FirebaseAppCheck */; };
		EC47D2D62D48E5FE00EF0846 /* FirebaseAppDistribution-Beta in Frameworks */ = {isa = PBXBuildFile; productRef = EC47D2D52D48E5FE00EF0846 /* FirebaseAppDistribution-Beta */; };
		EC47D2D82D48E5FE00EF0846 /* FirebaseAuth in Frameworks */ = {isa = PBXBuildFile; productRef = EC47D2D72D48E5FE00EF0846 /* FirebaseAuth */; };
		EC47D2DA2D48E5FE00EF0846 /* FirebaseAuthCombine-Community in Frameworks */ = {isa = PBXBuildFile; productRef = EC47D2D92D48E5FE00EF0846 /* FirebaseAuthCombine-Community */; };
		EC47D2DC2D48E5FE00EF0846 /* FirebaseCore in Frameworks */ = {isa = PBXBuildFile; productRef = EC47D2DB2D48E5FE00EF0846 /* FirebaseCore */; };
		EC47D2DE2D48E5FE00EF0846 /* FirebaseCrashlytics in Frameworks */ = {isa = PBXBuildFile; productRef = EC47D2DD2D48E5FE00EF0846 /* FirebaseCrashlytics */; };
		EC47D2E02D48E5FE00EF0846 /* FirebaseDatabase in Frameworks */ = {isa = PBXBuildFile; productRef = EC47D2DF2D48E5FE00EF0846 /* FirebaseDatabase */; };
		EC47D2E22D48E5FE00EF0846 /* FirebaseDynamicLinks in Frameworks */ = {isa = PBXBuildFile; productRef = EC47D2E12D48E5FE00EF0846 /* FirebaseDynamicLinks */; };
		EC47D2E42D48E5FE00EF0846 /* FirebaseFirestore in Frameworks */ = {isa = PBXBuildFile; productRef = EC47D2E32D48E5FE00EF0846 /* FirebaseFirestore */; };
		EC47D2E62D48E5FE00EF0846 /* FirebaseFirestoreCombine-Community in Frameworks */ = {isa = PBXBuildFile; productRef = EC47D2E52D48E5FE00EF0846 /* FirebaseFirestoreCombine-Community */; };
		EC47D2E82D48E5FE00EF0846 /* FirebaseFunctions in Frameworks */ = {isa = PBXBuildFile; productRef = EC47D2E72D48E5FE00EF0846 /* FirebaseFunctions */; };
		EC47D2EA2D48E5FE00EF0846 /* FirebaseFunctionsCombine-Community in Frameworks */ = {isa = PBXBuildFile; productRef = EC47D2E92D48E5FE00EF0846 /* FirebaseFunctionsCombine-Community */; };
		EC47D2EC2D48E5FE00EF0846 /* FirebaseInAppMessaging-Beta in Frameworks */ = {isa = PBXBuildFile; productRef = EC47D2EB2D48E5FE00EF0846 /* FirebaseInAppMessaging-Beta */; };
		EC47D2EE2D48E5FE00EF0846 /* FirebaseInstallations in Frameworks */ = {isa = PBXBuildFile; productRef = EC47D2ED2D48E5FE00EF0846 /* FirebaseInstallations */; };
		EC47D2F02D48E5FE00EF0846 /* FirebaseMLModelDownloader in Frameworks */ = {isa = PBXBuildFile; productRef = EC47D2EF2D48E5FE00EF0846 /* FirebaseMLModelDownloader */; };
		EC47D2F22D48E5FE00EF0846 /* FirebaseMessaging in Frameworks */ = {isa = PBXBuildFile; productRef = EC47D2F12D48E5FE00EF0846 /* FirebaseMessaging */; };
		EC47D2F42D48E5FE00EF0846 /* FirebasePerformance in Frameworks */ = {isa = PBXBuildFile; productRef = EC47D2F32D48E5FE00EF0846 /* FirebasePerformance */; };
		EC47D2F62D48E5FE00EF0846 /* FirebaseRemoteConfig in Frameworks */ = {isa = PBXBuildFile; productRef = EC47D2F52D48E5FE00EF0846 /* FirebaseRemoteConfig */; };
		EC47D2F82D48E5FE00EF0846 /* FirebaseStorage in Frameworks */ = {isa = PBXBuildFile; productRef = EC47D2F72D48E5FE00EF0846 /* FirebaseStorage */; };
		EC47D2FA2D48E5FE00EF0846 /* FirebaseStorageCombine-Community in Frameworks */ = {isa = PBXBuildFile; productRef = EC47D2F92D48E5FE00EF0846 /* FirebaseStorageCombine-Community */; };
		EC47D2FC2D48E5FE00EF0846 /* FirebaseVertexAI in Frameworks */ = {isa = PBXBuildFile; productRef = EC47D2FB2D48E5FE00EF0846 /* FirebaseVertexAI */; };
/* End PBXBuildFile section */

/* Begin PBXFileReference section */
		EC0490452D3E686600B793D5 /* crosspostr.app */ = {isa = PBXFileReference; explicitFileType = wrapper.application; includeInIndex = 0; path = crosspostr.app; sourceTree = BUILT_PRODUCTS_DIR; };
		EC37E5A62D4E24CE006967F1 /* GoogleService-Info.plist */ = {isa = PBXFileReference; lastKnownFileType = text.plist.xml; path = "GoogleService-Info.plist"; sourceTree = "<group>"; };
/* End PBXFileReference section */

/* Begin PBXFileSystemSynchronizedBuildFileExceptionSet section */
		EC37E5AE2D4E2B42006967F1 /* Exceptions for "crosspostr" folder in "crosspostr" target */ = {
			isa = PBXFileSystemSynchronizedBuildFileExceptionSet;
			membershipExceptions = (
				Info.plist,
			);
			target = EC0490442D3E686600B793D5 /* crosspostr */;
		};
/* End PBXFileSystemSynchronizedBuildFileExceptionSet section */

/* Begin PBXFileSystemSynchronizedRootGroup section */
		EC0490472D3E686600B793D5 /* crosspostr */ = {
			isa = PBXFileSystemSynchronizedRootGroup;
			exceptions = (
				EC37E5AE2D4E2B42006967F1 /* Exceptions for "crosspostr" folder in "crosspostr" target */,
			);
			path = crosspostr;
			sourceTree = "<group>";
		};
/* End PBXFileSystemSynchronizedRootGroup section */

/* Begin PBXFrameworksBuildPhase section */
		EC0490422D3E686600B793D5 /* Frameworks */ = {
			isa = PBXFrameworksBuildPhase;
			buildActionMask = 2147483647;
			files = (
				EC0B8E742D4248280099BC1C /* PostgREST in Frameworks */,
				EC47D2DC2D48E5FE00EF0846 /* FirebaseCore in Frameworks */,
				EC47D2F42D48E5FE00EF0846 /* FirebasePerformance in Frameworks */,
				EC47D2F62D48E5FE00EF0846 /* FirebaseRemoteConfig in Frameworks */,
				EC47D2D22D48E5FE00EF0846 /* FirebaseAnalyticsWithoutAdIdSupport in Frameworks */,
				EC47D2EE2D48E5FE00EF0846 /* FirebaseInstallations in Frameworks */,
				EC39FAE82D425BF90099A7BC /* Lottie in Frameworks */,
				EC47D2E42D48E5FE00EF0846 /* FirebaseFirestore in Frameworks */,
				EC47D2CE2D48E5FE00EF0846 /* FirebaseAnalytics in Frameworks */,
				EC47D2F02D48E5FE00EF0846 /* FirebaseMLModelDownloader in Frameworks */,
				EC47D2F22D48E5FE00EF0846 /* FirebaseMessaging in Frameworks */,
				EC47D2F82D48E5FE00EF0846 /* FirebaseStorage in Frameworks */,
				EC47D2E22D48E5FE00EF0846 /* FirebaseDynamicLinks in Frameworks */,
				EC0B8E722D4248280099BC1C /* Functions in Frameworks */,
				EC47D2DA2D48E5FE00EF0846 /* FirebaseAuthCombine-Community in Frameworks */,
				EC47D2EA2D48E5FE00EF0846 /* FirebaseFunctionsCombine-Community in Frameworks */,
				EC47D2EC2D48E5FE00EF0846 /* FirebaseInAppMessaging-Beta in Frameworks */,
				EC37E5AA2D4E2517006967F1 /* GoogleSignIn in Frameworks */,
				EC47D2E02D48E5FE00EF0846 /* FirebaseDatabase in Frameworks */,
				EC47D2D02D48E5FE00EF0846 /* FirebaseAnalyticsOnDeviceConversion in Frameworks */,
				EC0B8E7A2D4248280099BC1C /* Supabase in Frameworks */,
				EC37E5AC2D4E2517006967F1 /* GoogleSignInSwift in Frameworks */,
				EC0B8E702D4248280099BC1C /* Auth in Frameworks */,
				EC47D2E62D48E5FE00EF0846 /* FirebaseFirestoreCombine-Community in Frameworks */,
				EC47D2FA2D48E5FE00EF0846 /* FirebaseStorageCombine-Community in Frameworks */,
				EC0B8E782D4248280099BC1C /* Storage in Frameworks */,
				EC47D2E82D48E5FE00EF0846 /* FirebaseFunctions in Frameworks */,
				EC0B8E762D4248280099BC1C /* Realtime in Frameworks */,
				EC47D2FC2D48E5FE00EF0846 /* FirebaseVertexAI in Frameworks */,
				EC47D2D82D48E5FE00EF0846 /* FirebaseAuth in Frameworks */,
				EC47D2DE2D48E5FE00EF0846 /* FirebaseCrashlytics in Frameworks */,
				EC47D2D42D48E5FE00EF0846 /* FirebaseAppCheck in Frameworks */,
				EC47D2D62D48E5FE00EF0846 /* FirebaseAppDistribution-Beta in Frameworks */,
			);
			runOnlyForDeploymentPostprocessing = 0;
		};
/* End PBXFrameworksBuildPhase section */

/* Begin PBXGroup section */
		EC04903C2D3E686600B793D5 = {
			isa = PBXGroup;
			children = (
				EC0490472D3E686600B793D5 /* crosspostr */,
				EC0490462D3E686600B793D5 /* Products */,
				EC37E5A62D4E24CE006967F1 /* GoogleService-Info.plist */,
			);
			sourceTree = "<group>";
		};
		EC0490462D3E686600B793D5 /* Products */ = {
			isa = PBXGroup;
			children = (
				EC0490452D3E686600B793D5 /* crosspostr.app */,
			);
			name = Products;
			sourceTree = "<group>";
		};
/* End PBXGroup section */

/* Begin PBXNativeTarget section */
		EC0490442D3E686600B793D5 /* crosspostr */ = {
			isa = PBXNativeTarget;
			buildConfigurationList = EC0490552D3E686700B793D5 /* Build configuration list for PBXNativeTarget "crosspostr" */;
			buildPhases = (
				EC0490412D3E686600B793D5 /* Sources */,
				EC0490422D3E686600B793D5 /* Frameworks */,
				EC0490432D3E686600B793D5 /* Resources */,
			);
			buildRules = (
			);
			dependencies = (
			);
			fileSystemSynchronizedGroups = (
				EC0490472D3E686600B793D5 /* crosspostr */,
			);
			name = crosspostr;
			packageProductDependencies = (
				EC0B8E6F2D4248280099BC1C /* Auth */,
				EC0B8E712D4248280099BC1C /* Functions */,
				EC0B8E732D4248280099BC1C /* PostgREST */,
				EC0B8E752D4248280099BC1C /* Realtime */,
				EC0B8E772D4248280099BC1C /* Storage */,
				EC0B8E792D4248280099BC1C /* Supabase */,
				EC39FAE72D425BF90099A7BC /* Lottie */,
				EC47D2CD2D48E5FE00EF0846 /* FirebaseAnalytics */,
				EC47D2CF2D48E5FE00EF0846 /* FirebaseAnalyticsOnDeviceConversion */,
				EC47D2D12D48E5FE00EF0846 /* FirebaseAnalyticsWithoutAdIdSupport */,
				EC47D2D32D48E5FE00EF0846 /* FirebaseAppCheck */,
				EC47D2D52D48E5FE00EF0846 /* FirebaseAppDistribution-Beta */,
				EC47D2D72D48E5FE00EF0846 /* FirebaseAuth */,
				EC47D2D92D48E5FE00EF0846 /* FirebaseAuthCombine-Community */,
				EC47D2DB2D48E5FE00EF0846 /* FirebaseCore */,
				EC47D2DD2D48E5FE00EF0846 /* FirebaseCrashlytics */,
				EC47D2DF2D48E5FE00EF0846 /* FirebaseDatabase */,
				EC47D2E12D48E5FE00EF0846 /* FirebaseDynamicLinks */,
				EC47D2E32D48E5FE00EF0846 /* FirebaseFirestore */,
				EC47D2E52D48E5FE00EF0846 /* FirebaseFirestoreCombine-Community */,
				EC47D2E72D48E5FE00EF0846 /* FirebaseFunctions */,
				EC47D2E92D48E5FE00EF0846 /* FirebaseFunctionsCombine-Community */,
				EC47D2EB2D48E5FE00EF0846 /* FirebaseInAppMessaging-Beta */,
				EC47D2ED2D48E5FE00EF0846 /* FirebaseInstallations */,
				EC47D2EF2D48E5FE00EF0846 /* FirebaseMLModelDownloader */,
				EC47D2F12D48E5FE00EF0846 /* FirebaseMessaging */,
				EC47D2F32D48E5FE00EF0846 /* FirebasePerformance */,
				EC47D2F52D48E5FE00EF0846 /* FirebaseRemoteConfig */,
				EC47D2F72D48E5FE00EF0846 /* FirebaseStorage */,
				EC47D2F92D48E5FE00EF0846 /* FirebaseStorageCombine-Community */,
				EC47D2FB2D48E5FE00EF0846 /* FirebaseVertexAI */,
				EC37E5A92D4E2517006967F1 /* GoogleSignIn */,
				EC37E5AB2D4E2517006967F1 /* GoogleSignInSwift */,
			);
			productName = crosspostr;
			productReference = EC0490452D3E686600B793D5 /* crosspostr.app */;
			productType = "com.apple.product-type.application";
		};
/* End PBXNativeTarget section */

/* Begin PBXProject section */
		EC04903D2D3E686600B793D5 /* Project object */ = {
			isa = PBXProject;
			attributes = {
				BuildIndependentTargetsInParallel = 1;
				LastSwiftUpdateCheck = 1620;
				LastUpgradeCheck = 1620;
				TargetAttributes = {
					EC0490442D3E686600B793D5 = {
						CreatedOnToolsVersion = 16.2;
					};
				};
			};
			buildConfigurationList = EC0490402D3E686600B793D5 /* Build configuration list for PBXProject "crosspostr" */;
			developmentRegion = en;
			hasScannedForEncodings = 0;
			knownRegions = (
				en,
				Base,
			);
			mainGroup = EC04903C2D3E686600B793D5;
			minimizedProjectReferenceProxies = 1;
			packageReferences = (
				EC0B8E6E2D4248280099BC1C /* XCRemoteSwiftPackageReference "supabase-swift" */,
				EC39FAE62D425BF90099A7BC /* XCRemoteSwiftPackageReference "lottie-spm" */,
				EC47D2CC2D48E5FE00EF0846 /* XCRemoteSwiftPackageReference "firebase-ios-sdk" */,
				EC37E5A82D4E2517006967F1 /* XCRemoteSwiftPackageReference "GoogleSignIn-iOS" */,
			);
			preferredProjectObjectVersion = 77;
			productRefGroup = EC0490462D3E686600B793D5 /* Products */;
			projectDirPath = "";
			projectRoot = "";
			targets = (
				EC0490442D3E686600B793D5 /* crosspostr */,
			);
		};
/* End PBXProject section */

/* Begin PBXResourcesBuildPhase section */
		EC0490432D3E686600B793D5 /* Resources */ = {
			isa = PBXResourcesBuildPhase;
			buildActionMask = 2147483647;
			files = (
				EC37E5A72D4E24CE006967F1 /* GoogleService-Info.plist in Resources */,
			);
			runOnlyForDeploymentPostprocessing = 0;
		};
/* End PBXResourcesBuildPhase section */

/* Begin PBXSourcesBuildPhase section */
		EC0490412D3E686600B793D5 /* Sources */ = {
			isa = PBXSourcesBuildPhase;
			buildActionMask = 2147483647;
			files = (
			);
			runOnlyForDeploymentPostprocessing = 0;
		};
/* End PBXSourcesBuildPhase section */

/* Begin XCBuildConfiguration section */
		EC0490532D3E686700B793D5 /* Debug */ = {
			isa = XCBuildConfiguration;
			buildSettings = {
				ALWAYS_SEARCH_USER_PATHS = NO;
				ASSETCATALOG_COMPILER_GENERATE_SWIFT_ASSET_SYMBOL_EXTENSIONS = YES;
				CLANG_ANALYZER_NONNULL = YES;
				CLANG_ANALYZER_NUMBER_OBJECT_CONVERSION = YES_AGGRESSIVE;
				CLANG_CXX_LANGUAGE_STANDARD = "gnu++20";
				CLANG_ENABLE_MODULES = YES;
				CLANG_ENABLE_OBJC_ARC = YES;
				CLANG_ENABLE_OBJC_WEAK = YES;
				CLANG_WARN_BLOCK_CAPTURE_AUTORELEASING = YES;
				CLANG_WARN_BOOL_CONVERSION = YES;
				CLANG_WARN_COMMA = YES;
				CLANG_WARN_CONSTANT_CONVERSION = YES;
				CLANG_WARN_DEPRECATED_OBJC_IMPLEMENTATIONS = YES;
				CLANG_WARN_DIRECT_OBJC_ISA_USAGE = YES_ERROR;
				CLANG_WARN_DOCUMENTATION_COMMENTS = YES;
				CLANG_WARN_EMPTY_BODY = YES;
				CLANG_WARN_ENUM_CONVERSION = YES;
				CLANG_WARN_INFINITE_RECURSION = YES;
				CLANG_WARN_INT_CONVERSION = YES;
				CLANG_WARN_NON_LITERAL_NULL_CONVERSION = YES;
				CLANG_WARN_OBJC_IMPLICIT_RETAIN_SELF = YES;
				CLANG_WARN_OBJC_LITERAL_CONVERSION = YES;
				CLANG_WARN_OBJC_ROOT_CLASS = YES_ERROR;
				CLANG_WARN_QUOTED_INCLUDE_IN_FRAMEWORK_HEADER = YES;
				CLANG_WARN_RANGE_LOOP_ANALYSIS = YES;
				CLANG_WARN_STRICT_PROTOTYPES = YES;
				CLANG_WARN_SUSPICIOUS_MOVE = YES;
				CLANG_WARN_UNGUARDED_AVAILABILITY = YES_AGGRESSIVE;
				CLANG_WARN_UNREACHABLE_CODE = YES;
				CLANG_WARN__DUPLICATE_METHOD_MATCH = YES;
				COPY_PHASE_STRIP = NO;
				DEBUG_INFORMATION_FORMAT = dwarf;
				ENABLE_STRICT_OBJC_MSGSEND = YES;
				ENABLE_TESTABILITY = YES;
				ENABLE_USER_SCRIPT_SANDBOXING = YES;
				GCC_C_LANGUAGE_STANDARD = gnu17;
				GCC_DYNAMIC_NO_PIC = NO;
				GCC_NO_COMMON_BLOCKS = YES;
				GCC_OPTIMIZATION_LEVEL = 0;
				GCC_PREPROCESSOR_DEFINITIONS = (
					"DEBUG=1",
					"$(inherited)",
				);
				GCC_WARN_64_TO_32_BIT_CONVERSION = YES;
				GCC_WARN_ABOUT_RETURN_TYPE = YES_ERROR;
				GCC_WARN_UNDECLARED_SELECTOR = YES;
				GCC_WARN_UNINITIALIZED_AUTOS = YES_AGGRESSIVE;
				GCC_WARN_UNUSED_FUNCTION = YES;
				GCC_WARN_UNUSED_VARIABLE = YES;
				IPHONEOS_DEPLOYMENT_TARGET = 18.2;
				LOCALIZATION_PREFERS_STRING_CATALOGS = YES;
				MTL_ENABLE_DEBUG_INFO = INCLUDE_SOURCE;
				MTL_FAST_MATH = YES;
				ONLY_ACTIVE_ARCH = YES;
				SDKROOT = iphoneos;
				SWIFT_ACTIVE_COMPILATION_CONDITIONS = "DEBUG $(inherited)";
				SWIFT_OPTIMIZATION_LEVEL = "-Onone";
			};
			name = Debug;
		};
		EC0490542D3E686700B793D5 /* Release */ = {
			isa = XCBuildConfiguration;
			buildSettings = {
				ALWAYS_SEARCH_USER_PATHS = NO;
				ASSETCATALOG_COMPILER_GENERATE_SWIFT_ASSET_SYMBOL_EXTENSIONS = YES;
				CLANG_ANALYZER_NONNULL = YES;
				CLANG_ANALYZER_NUMBER_OBJECT_CONVERSION = YES_AGGRESSIVE;
				CLANG_CXX_LANGUAGE_STANDARD = "gnu++20";
				CLANG_ENABLE_MODULES = YES;
				CLANG_ENABLE_OBJC_ARC = YES;
				CLANG_ENABLE_OBJC_WEAK = YES;
				CLANG_WARN_BLOCK_CAPTURE_AUTORELEASING = YES;
				CLANG_WARN_BOOL_CONVERSION = YES;
				CLANG_WARN_COMMA = YES;
				CLANG_WARN_CONSTANT_CONVERSION = YES;
				CLANG_WARN_DEPRECATED_OBJC_IMPLEMENTATIONS = YES;
				CLANG_WARN_DIRECT_OBJC_ISA_USAGE = YES_ERROR;
				CLANG_WARN_DOCUMENTATION_COMMENTS = YES;
				CLANG_WARN_EMPTY_BODY = YES;
				CLANG_WARN_ENUM_CONVERSION = YES;
				CLANG_WARN_INFINITE_RECURSION = YES;
				CLANG_WARN_INT_CONVERSION = YES;
				CLANG_WARN_NON_LITERAL_NULL_CONVERSION = YES;
				CLANG_WARN_OBJC_IMPLICIT_RETAIN_SELF = YES;
				CLANG_WARN_OBJC_LITERAL_CONVERSION = YES;
				CLANG_WARN_OBJC_ROOT_CLASS = YES_ERROR;
				CLANG_WARN_QUOTED_INCLUDE_IN_FRAMEWORK_HEADER = YES;
				CLANG_WARN_RANGE_LOOP_ANALYSIS = YES;
				CLANG_WARN_STRICT_PROTOTYPES = YES;
				CLANG_WARN_SUSPICIOUS_MOVE = YES;
				CLANG_WARN_UNGUARDED_AVAILABILITY = YES_AGGRESSIVE;
				CLANG_WARN_UNREACHABLE_CODE = YES;
				CLANG_WARN__DUPLICATE_METHOD_MATCH = YES;
				COPY_PHASE_STRIP = NO;
				DEBUG_INFORMATION_FORMAT = "dwarf-with-dsym";
				ENABLE_NS_ASSERTIONS = NO;
				ENABLE_STRICT_OBJC_MSGSEND = YES;
				ENABLE_USER_SCRIPT_SANDBOXING = YES;
				GCC_C_LANGUAGE_STANDARD = gnu17;
				GCC_NO_COMMON_BLOCKS = YES;
				GCC_WARN_64_TO_32_BIT_CONVERSION = YES;
				GCC_WARN_ABOUT_RETURN_TYPE = YES_ERROR;
				GCC_WARN_UNDECLARED_SELECTOR = YES;
				GCC_WARN_UNINITIALIZED_AUTOS = YES_AGGRESSIVE;
				GCC_WARN_UNUSED_FUNCTION = YES;
				GCC_WARN_UNUSED_VARIABLE = YES;
				IPHONEOS_DEPLOYMENT_TARGET = 18.2;
				LOCALIZATION_PREFERS_STRING_CATALOGS = YES;
				MTL_ENABLE_DEBUG_INFO = NO;
				MTL_FAST_MATH = YES;
				SDKROOT = iphoneos;
				SWIFT_COMPILATION_MODE = wholemodule;
				VALIDATE_PRODUCT = YES;
			};
			name = Release;
		};
		EC0490562D3E686700B793D5 /* Debug */ = {
			isa = XCBuildConfiguration;
			buildSettings = {
				ASSETCATALOG_COMPILER_APPICON_NAME = AppIcon;
				ASSETCATALOG_COMPILER_GLOBAL_ACCENT_COLOR_NAME = AccentColor;
				CODE_SIGN_STYLE = Automatic;
				CURRENT_PROJECT_VERSION = 1;
				DEVELOPMENT_ASSET_PATHS = "\"crosspostr/Preview Content\"";
				DEVELOPMENT_TEAM = D9KD2CAJD4;
				ENABLE_PREVIEWS = YES;
				GENERATE_INFOPLIST_FILE = YES;
				INFOPLIST_FILE = crosspostr/Info.plist;
				INFOPLIST_KEY_UIApplicationSceneManifest_Generation = YES;
				INFOPLIST_KEY_UIApplicationSupportsIndirectInputEvents = YES;
				INFOPLIST_KEY_UILaunchScreen_Generation = YES;
				INFOPLIST_KEY_UISupportedInterfaceOrientations = UIInterfaceOrientationPortrait;
				INFOPLIST_KEY_UISupportedInterfaceOrientations_iPad = "UIInterfaceOrientationPortrait UIInterfaceOrientationPortraitUpsideDown";
				LD_RUNPATH_SEARCH_PATHS = (
					"$(inherited)",
					"@executable_path/Frameworks",
				);
				MARKETING_VERSION = 1.0;
				PRODUCT_BUNDLE_IDENTIFIER = com.remo.crosspostr;
				PRODUCT_NAME = "$(TARGET_NAME)";
				SUPPORTED_PLATFORMS = "iphoneos iphonesimulator";
				SUPPORTS_MACCATALYST = NO;
				SUPPORTS_MAC_DESIGNED_FOR_IPHONE_IPAD = NO;
				SUPPORTS_XR_DESIGNED_FOR_IPHONE_IPAD = NO;
				SWIFT_EMIT_LOC_STRINGS = YES;
				SWIFT_VERSION = 5.0;
				TARGETED_DEVICE_FAMILY = "1,2";
			};
			name = Debug;
		};
		EC0490572D3E686700B793D5 /* Release */ = {
			isa = XCBuildConfiguration;
			buildSettings = {
				ASSETCATALOG_COMPILER_APPICON_NAME = AppIcon;
				ASSETCATALOG_COMPILER_GLOBAL_ACCENT_COLOR_NAME = AccentColor;
				CODE_SIGN_STYLE = Automatic;
				CURRENT_PROJECT_VERSION = 1;
				DEVELOPMENT_ASSET_PATHS = "\"crosspostr/Preview Content\"";
				DEVELOPMENT_TEAM = D9KD2CAJD4;
				ENABLE_PREVIEWS = YES;
				GENERATE_INFOPLIST_FILE = YES;
				INFOPLIST_FILE = crosspostr/Info.plist;
				INFOPLIST_KEY_UIApplicationSceneManifest_Generation = YES;
				INFOPLIST_KEY_UIApplicationSupportsIndirectInputEvents = YES;
				INFOPLIST_KEY_UILaunchScreen_Generation = YES;
				INFOPLIST_KEY_UISupportedInterfaceOrientations = UIInterfaceOrientationPortrait;
				INFOPLIST_KEY_UISupportedInterfaceOrientations_iPad = "UIInterfaceOrientationPortrait UIInterfaceOrientationPortraitUpsideDown";
				LD_RUNPATH_SEARCH_PATHS = (
					"$(inherited)",
					"@executable_path/Frameworks",
				);
				MARKETING_VERSION = 1.0;
				PRODUCT_BUNDLE_IDENTIFIER = com.remo.crosspostr;
				PRODUCT_NAME = "$(TARGET_NAME)";
				SUPPORTED_PLATFORMS = "iphoneos iphonesimulator";
				SUPPORTS_MACCATALYST = NO;
				SUPPORTS_MAC_DESIGNED_FOR_IPHONE_IPAD = NO;
				SUPPORTS_XR_DESIGNED_FOR_IPHONE_IPAD = NO;
				SWIFT_EMIT_LOC_STRINGS = YES;
				SWIFT_VERSION = 5.0;
				TARGETED_DEVICE_FAMILY = "1,2";
			};
			name = Release;
		};
/* End XCBuildConfiguration section */

/* Begin XCConfigurationList section */
		EC0490402D3E686600B793D5 /* Build configuration list for PBXProject "crosspostr" */ = {
			isa = XCConfigurationList;
			buildConfigurations = (
				EC0490532D3E686700B793D5 /* Debug */,
				EC0490542D3E686700B793D5 /* Release */,
			);
			defaultConfigurationIsVisible = 0;
			defaultConfigurationName = Release;
		};
		EC0490552D3E686700B793D5 /* Build configuration list for PBXNativeTarget "crosspostr" */ = {
			isa = XCConfigurationList;
			buildConfigurations = (
				EC0490562D3E686700B793D5 /* Debug */,
				EC0490572D3E686700B793D5 /* Release */,
			);
			defaultConfigurationIsVisible = 0;
			defaultConfigurationName = Release;
		};
/* End XCConfigurationList section */

/* Begin XCRemoteSwiftPackageReference section */
		EC0B8E6E2D4248280099BC1C /* XCRemoteSwiftPackageReference "supabase-swift" */ = {
			isa = XCRemoteSwiftPackageReference;
			repositoryURL = "https://github.com/supabase/supabase-swift.git";
			requirement = {
				kind = upToNextMajorVersion;
				minimumVersion = 2.5.1;
			};
		};
		EC37E5A82D4E2517006967F1 /* XCRemoteSwiftPackageReference "GoogleSignIn-iOS" */ = {
			isa = XCRemoteSwiftPackageReference;
			repositoryURL = "https://github.com/google/GoogleSignIn-iOS";
			requirement = {
				kind = upToNextMajorVersion;
				minimumVersion = 8.0.0;
			};
		};
		EC39FAE62D425BF90099A7BC /* XCRemoteSwiftPackageReference "lottie-spm" */ = {
			isa = XCRemoteSwiftPackageReference;
			repositoryURL = "https://github.com/airbnb/lottie-spm.git";
			requirement = {
				kind = upToNextMajorVersion;
				minimumVersion = 4.5.1;
			};
		};
		EC47D2CC2D48E5FE00EF0846 /* XCRemoteSwiftPackageReference "firebase-ios-sdk" */ = {
			isa = XCRemoteSwiftPackageReference;
			repositoryURL = "https://github.com/firebase/firebase-ios-sdk.git";
			requirement = {
				kind = upToNextMajorVersion;
				minimumVersion = 11.7.0;
			};
		};
/* End XCRemoteSwiftPackageReference section */

/* Begin XCSwiftPackageProductDependency section */
		EC0B8E6F2D4248280099BC1C /* Auth */ = {
			isa = XCSwiftPackageProductDependency;
			package = EC0B8E6E2D4248280099BC1C /* XCRemoteSwiftPackageReference "supabase-swift" */;
			productName = Auth;
		};
		EC0B8E712D4248280099BC1C /* Functions */ = {
			isa = XCSwiftPackageProductDependency;
			package = EC0B8E6E2D4248280099BC1C /* XCRemoteSwiftPackageReference "supabase-swift" */;
			productName = Functions;
		};
		EC0B8E732D4248280099BC1C /* PostgREST */ = {
			isa = XCSwiftPackageProductDependency;
			package = EC0B8E6E2D4248280099BC1C /* XCRemoteSwiftPackageReference "supabase-swift" */;
			productName = PostgREST;
		};
		EC0B8E752D4248280099BC1C /* Realtime */ = {
			isa = XCSwiftPackageProductDependency;
			package = EC0B8E6E2D4248280099BC1C /* XCRemoteSwiftPackageReference "supabase-swift" */;
			productName = Realtime;
		};
		EC0B8E772D4248280099BC1C /* Storage */ = {
			isa = XCSwiftPackageProductDependency;
			package = EC0B8E6E2D4248280099BC1C /* XCRemoteSwiftPackageReference "supabase-swift" */;
			productName = Storage;
		};
		EC0B8E792D4248280099BC1C /* Supabase */ = {
			isa = XCSwiftPackageProductDependency;
			package = EC0B8E6E2D4248280099BC1C /* XCRemoteSwiftPackageReference "supabase-swift" */;
			productName = Supabase;
		};
		EC37E5A92D4E2517006967F1 /* GoogleSignIn */ = {
			isa = XCSwiftPackageProductDependency;
			package = EC37E5A82D4E2517006967F1 /* XCRemoteSwiftPackageReference "GoogleSignIn-iOS" */;
			productName = GoogleSignIn;
		};
		EC37E5AB2D4E2517006967F1 /* GoogleSignInSwift */ = {
			isa = XCSwiftPackageProductDependency;
			package = EC37E5A82D4E2517006967F1 /* XCRemoteSwiftPackageReference "GoogleSignIn-iOS" */;
			productName = GoogleSignInSwift;
		};
		EC39FAE72D425BF90099A7BC /* Lottie */ = {
			isa = XCSwiftPackageProductDependency;
			package = EC39FAE62D425BF90099A7BC /* XCRemoteSwiftPackageReference "lottie-spm" */;
			productName = Lottie;
		};
		EC47D2CD2D48E5FE00EF0846 /* FirebaseAnalytics */ = {
			isa = XCSwiftPackageProductDependency;
			package = EC47D2CC2D48E5FE00EF0846 /* XCRemoteSwiftPackageReference "firebase-ios-sdk" */;
			productName = FirebaseAnalytics;
		};
		EC47D2CF2D48E5FE00EF0846 /* FirebaseAnalyticsOnDeviceConversion */ = {
			isa = XCSwiftPackageProductDependency;
			package = EC47D2CC2D48E5FE00EF0846 /* XCRemoteSwiftPackageReference "firebase-ios-sdk" */;
			productName = FirebaseAnalyticsOnDeviceConversion;
		};
		EC47D2D12D48E5FE00EF0846 /* FirebaseAnalyticsWithoutAdIdSupport */ = {
			isa = XCSwiftPackageProductDependency;
			package = EC47D2CC2D48E5FE00EF0846 /* XCRemoteSwiftPackageReference "firebase-ios-sdk" */;
			productName = FirebaseAnalyticsWithoutAdIdSupport;
		};
		EC47D2D32D48E5FE00EF0846 /* FirebaseAppCheck */ = {
			isa = XCSwiftPackageProductDependency;
			package = EC47D2CC2D48E5FE00EF0846 /* XCRemoteSwiftPackageReference "firebase-ios-sdk" */;
			productName = FirebaseAppCheck;
		};
		EC47D2D52D48E5FE00EF0846 /* FirebaseAppDistribution-Beta */ = {
			isa = XCSwiftPackageProductDependency;
			package = EC47D2CC2D48E5FE00EF0846 /* XCRemoteSwiftPackageReference "firebase-ios-sdk" */;
			productName = "FirebaseAppDistribution-Beta";
		};
		EC47D2D72D48E5FE00EF0846 /* FirebaseAuth */ = {
			isa = XCSwiftPackageProductDependency;
			package = EC47D2CC2D48E5FE00EF0846 /* XCRemoteSwiftPackageReference "firebase-ios-sdk" */;
			productName = FirebaseAuth;
		};
		EC47D2D92D48E5FE00EF0846 /* FirebaseAuthCombine-Community */ = {
			isa = XCSwiftPackageProductDependency;
			package = EC47D2CC2D48E5FE00EF0846 /* XCRemoteSwiftPackageReference "firebase-ios-sdk" */;
			productName = "FirebaseAuthCombine-Community";
		};
		EC47D2DB2D48E5FE00EF0846 /* FirebaseCore */ = {
			isa = XCSwiftPackageProductDependency;
			package = EC47D2CC2D48E5FE00EF0846 /* XCRemoteSwiftPackageReference "firebase-ios-sdk" */;
			productName = FirebaseCore;
		};
		EC47D2DD2D48E5FE00EF0846 /* FirebaseCrashlytics */ = {
			isa = XCSwiftPackageProductDependency;
			package = EC47D2CC2D48E5FE00EF0846 /* XCRemoteSwiftPackageReference "firebase-ios-sdk" */;
			productName = FirebaseCrashlytics;
		};
		EC47D2DF2D48E5FE00EF0846 /* FirebaseDatabase */ = {
			isa = XCSwiftPackageProductDependency;
			package = EC47D2CC2D48E5FE00EF0846 /* XCRemoteSwiftPackageReference "firebase-ios-sdk" */;
			productName = FirebaseDatabase;
		};
		EC47D2E12D48E5FE00EF0846 /* FirebaseDynamicLinks */ = {
			isa = XCSwiftPackageProductDependency;
			package = EC47D2CC2D48E5FE00EF0846 /* XCRemoteSwiftPackageReference "firebase-ios-sdk" */;
			productName = FirebaseDynamicLinks;
		};
		EC47D2E32D48E5FE00EF0846 /* FirebaseFirestore */ = {
			isa = XCSwiftPackageProductDependency;
			package = EC47D2CC2D48E5FE00EF0846 /* XCRemoteSwiftPackageReference "firebase-ios-sdk" */;
			productName = FirebaseFirestore;
		};
		EC47D2E52D48E5FE00EF0846 /* FirebaseFirestoreCombine-Community */ = {
			isa = XCSwiftPackageProductDependency;
			package = EC47D2CC2D48E5FE00EF0846 /* XCRemoteSwiftPackageReference "firebase-ios-sdk" */;
			productName = "FirebaseFirestoreCombine-Community";
		};
		EC47D2E72D48E5FE00EF0846 /* FirebaseFunctions */ = {
			isa = XCSwiftPackageProductDependency;
			package = EC47D2CC2D48E5FE00EF0846 /* XCRemoteSwiftPackageReference "firebase-ios-sdk" */;
			productName = FirebaseFunctions;
		};
		EC47D2E92D48E5FE00EF0846 /* FirebaseFunctionsCombine-Community */ = {
			isa = XCSwiftPackageProductDependency;
			package = EC47D2CC2D48E5FE00EF0846 /* XCRemoteSwiftPackageReference "firebase-ios-sdk" */;
			productName = "FirebaseFunctionsCombine-Community";
		};
		EC47D2EB2D48E5FE00EF0846 /* FirebaseInAppMessaging-Beta */ = {
			isa = XCSwiftPackageProductDependency;
			package = EC47D2CC2D48E5FE00EF0846 /* XCRemoteSwiftPackageReference "firebase-ios-sdk" */;
			productName = "FirebaseInAppMessaging-Beta";
		};
		EC47D2ED2D48E5FE00EF0846 /* FirebaseInstallations */ = {
			isa = XCSwiftPackageProductDependency;
			package = EC47D2CC2D48E5FE00EF0846 /* XCRemoteSwiftPackageReference "firebase-ios-sdk" */;
			productName = FirebaseInstallations;
		};
		EC47D2EF2D48E5FE00EF0846 /* FirebaseMLModelDownloader */ = {
			isa = XCSwiftPackageProductDependency;
			package = EC47D2CC2D48E5FE00EF0846 /* XCRemoteSwiftPackageReference "firebase-ios-sdk" */;
			productName = FirebaseMLModelDownloader;
		};
		EC47D2F12D48E5FE00EF0846 /* FirebaseMessaging */ = {
			isa = XCSwiftPackageProductDependency;
			package = EC47D2CC2D48E5FE00EF0846 /* XCRemoteSwiftPackageReference "firebase-ios-sdk" */;
			productName = FirebaseMessaging;
		};
		EC47D2F32D48E5FE00EF0846 /* FirebasePerformance */ = {
			isa = XCSwiftPackageProductDependency;
			package = EC47D2CC2D48E5FE00EF0846 /* XCRemoteSwiftPackageReference "firebase-ios-sdk" */;
			productName = FirebasePerformance;
		};
		EC47D2F52D48E5FE00EF0846 /* FirebaseRemoteConfig */ = {
			isa = XCSwiftPackageProductDependency;
			package = EC47D2CC2D48E5FE00EF0846 /* XCRemoteSwiftPackageReference "firebase-ios-sdk" */;
			productName = FirebaseRemoteConfig;
		};
		EC47D2F72D48E5FE00EF0846 /* FirebaseStorage */ = {
			isa = XCSwiftPackageProductDependency;
			package = EC47D2CC2D48E5FE00EF0846 /* XCRemoteSwiftPackageReference "firebase-ios-sdk" */;
			productName = FirebaseStorage;
		};
		EC47D2F92D48E5FE00EF0846 /* FirebaseStorageCombine-Community */ = {
			isa = XCSwiftPackageProductDependency;
			package = EC47D2CC2D48E5FE00EF0846 /* XCRemoteSwiftPackageReference "firebase-ios-sdk" */;
			productName = "FirebaseStorageCombine-Community";
		};
		EC47D2FB2D48E5FE00EF0846 /* FirebaseVertexAI */ = {
			isa = XCSwiftPackageProductDependency;
			package = EC47D2CC2D48E5FE00EF0846 /* XCRemoteSwiftPackageReference "firebase-ios-sdk" */;
			productName = FirebaseVertexAI;
		};
/* End XCSwiftPackageProductDependency section */
	};
	rootObject = EC04903D2D3E686600B793D5 /* Project object */;
}
